// !$*UTF8*$!
{
	archiveVersion = 1;
	classes = {
	};
	objectVersion = 56;
	objects = {

/* Begin PBXBuildFile section */
		13C4AAC3293C34E2003E8EDC /* HomeInteractor.swift in Sources */ = {isa = PBXBuildFile; fileRef = 13C4AAC2293C34E2003E8EDC /* HomeInteractor.swift */; };
		13C4AAC6293C35EA003E8EDC /* EmojiStorage.swift in Sources */ = {isa = PBXBuildFile; fileRef = 13C4AAC5293C35EA003E8EDC /* EmojiStorage.swift */; };
		13C4AACC293C36FE003E8EDC /* Emoji.swift in Sources */ = {isa = PBXBuildFile; fileRef = 13C4AACB293C36FE003E8EDC /* Emoji.swift */; };
		13C4AAD0293C3727003E8EDC /* EmojiInteractor.swift in Sources */ = {isa = PBXBuildFile; fileRef = 13C4AACF293C3727003E8EDC /* EmojiInteractor.swift */; };
		13C4AAD2293C3735003E8EDC /* EmojiAdapter.swift in Sources */ = {isa = PBXBuildFile; fileRef = 13C4AAD1293C3735003E8EDC /* EmojiAdapter.swift */; };
		13C4AAD9293D3926003E8EDC /* EmojiListRouter.swift in Sources */ = {isa = PBXBuildFile; fileRef = 13C4AAD8293D3926003E8EDC /* EmojiListRouter.swift */; };
		13C4AADC293D3967003E8EDC /* EmojiListViewController.swift in Sources */ = {isa = PBXBuildFile; fileRef = 13C4AADA293D3967003E8EDC /* EmojiListViewController.swift */; };
		13C4AADD293D3967003E8EDC /* EmojiListViewController.xib in Resources */ = {isa = PBXBuildFile; fileRef = 13C4AADB293D3967003E8EDC /* EmojiListViewController.xib */; };
		13C4AADF293D397C003E8EDC /* EmojiListPresenter.swift in Sources */ = {isa = PBXBuildFile; fileRef = 13C4AADE293D397C003E8EDC /* EmojiListPresenter.swift */; };
		13C4AAE1293D3A45003E8EDC /* EmojiListInteractor.swift in Sources */ = {isa = PBXBuildFile; fileRef = 13C4AAE0293D3A45003E8EDC /* EmojiListInteractor.swift */; };
		13C4AAE6293D3BC4003E8EDC /* EmojiCollectionViewCell.swift in Sources */ = {isa = PBXBuildFile; fileRef = 13C4AAE4293D3BC4003E8EDC /* EmojiCollectionViewCell.swift */; };
		13C4AAE7293D3BC4003E8EDC /* EmojiCollectionViewCell.xib in Resources */ = {isa = PBXBuildFile; fileRef = 13C4AAE5293D3BC4003E8EDC /* EmojiCollectionViewCell.xib */; };
		13C4AAE9293D3CC8003E8EDC /* EmojiViewModelMapper.swift in Sources */ = {isa = PBXBuildFile; fileRef = 13C4AAE8293D3CC8003E8EDC /* EmojiViewModelMapper.swift */; };
		13C4AAEB293D3CE2003E8EDC /* EmojiViewModel.swift in Sources */ = {isa = PBXBuildFile; fileRef = 13C4AAEA293D3CE2003E8EDC /* EmojiViewModel.swift */; };
		3DE9343DD803C6D736632BD2 /* Pods_GitEmoji.framework in Frameworks */ = {isa = PBXBuildFile; fileRef = 0AFD66B49D4AB8EB155EB9FC /* Pods_GitEmoji.framework */; };
		4090D8D42937EE0800817D34 /* AppDelegate.swift in Sources */ = {isa = PBXBuildFile; fileRef = 4090D8D32937EE0800817D34 /* AppDelegate.swift */; };
		4090D8D62937EE0800817D34 /* SceneDelegate.swift in Sources */ = {isa = PBXBuildFile; fileRef = 4090D8D52937EE0800817D34 /* SceneDelegate.swift */; };
		4090D8D82937EE0800817D34 /* ViewController.swift in Sources */ = {isa = PBXBuildFile; fileRef = 4090D8D72937EE0800817D34 /* ViewController.swift */; };
		4090D8DB2937EE0800817D34 /* Main.storyboard in Resources */ = {isa = PBXBuildFile; fileRef = 4090D8D92937EE0800817D34 /* Main.storyboard */; };
		4090D8DD2937EE0C00817D34 /* Assets.xcassets in Resources */ = {isa = PBXBuildFile; fileRef = 4090D8DC2937EE0C00817D34 /* Assets.xcassets */; };
		4090D8E02937EE0C00817D34 /* LaunchScreen.storyboard in Resources */ = {isa = PBXBuildFile; fileRef = 4090D8DE2937EE0C00817D34 /* LaunchScreen.storyboard */; };
		40F727C32937EF6700568705 /* HomeViewController.swift in Sources */ = {isa = PBXBuildFile; fileRef = 40F727C12937EF6700568705 /* HomeViewController.swift */; };
		40F727C42937EF6700568705 /* HomeViewController.xib in Resources */ = {isa = PBXBuildFile; fileRef = 40F727C22937EF6700568705 /* HomeViewController.xib */; };
		40F727CA2937F8D400568705 /* HomePresenter.swift in Sources */ = {isa = PBXBuildFile; fileRef = 40F727C92937F8D400568705 /* HomePresenter.swift */; };
		40F727CC2937F8DD00568705 /* HomeRouter.swift in Sources */ = {isa = PBXBuildFile; fileRef = 40F727CB2937F8DD00568705 /* HomeRouter.swift */; };
		40F727D2293800FD00568705 /* AppleRepoListViewController.swift in Sources */ = {isa = PBXBuildFile; fileRef = 40F727D0293800FD00568705 /* AppleRepoListViewController.swift */; };
		40F727D3293800FD00568705 /* AppleRepoListViewController.xib in Resources */ = {isa = PBXBuildFile; fileRef = 40F727D1293800FD00568705 /* AppleRepoListViewController.xib */; };
		40F727D72938BFD200568705 /* AppleRepoTableViewCell.swift in Sources */ = {isa = PBXBuildFile; fileRef = 40F727D52938BFD200568705 /* AppleRepoTableViewCell.swift */; };
		40F727D82938BFD200568705 /* AppleRepoTableViewCell.xib in Resources */ = {isa = PBXBuildFile; fileRef = 40F727D62938BFD200568705 /* AppleRepoTableViewCell.xib */; };
		40F727DC2938C44700568705 /* ReusableView.swift in Sources */ = {isa = PBXBuildFile; fileRef = 40F727DB2938C44700568705 /* ReusableView.swift */; };
		40F727E22938D64900568705 /* AppleRepoListAdapter.swift in Sources */ = {isa = PBXBuildFile; fileRef = 40F727E12938D64900568705 /* AppleRepoListAdapter.swift */; };
		40F727E42938D65800568705 /* AppleRepoListRouter.swift in Sources */ = {isa = PBXBuildFile; fileRef = 40F727E32938D65800568705 /* AppleRepoListRouter.swift */; };
		40F727E62938D65F00568705 /* AppleRepoListInteractor.swift in Sources */ = {isa = PBXBuildFile; fileRef = 40F727E52938D65F00568705 /* AppleRepoListInteractor.swift */; };
		40F727E82938D66800568705 /* AppleRepoListPresenter.swift in Sources */ = {isa = PBXBuildFile; fileRef = 40F727E72938D66800568705 /* AppleRepoListPresenter.swift */; };
		40F727EA2938DCEF00568705 /* Repo.swift in Sources */ = {isa = PBXBuildFile; fileRef = 40F727E92938DCEF00568705 /* Repo.swift */; };
		40F727ED2938E17100568705 /* RepoViewModel.swift in Sources */ = {isa = PBXBuildFile; fileRef = 40F727EC2938E17100568705 /* RepoViewModel.swift */; };
		40F727EF2938E17C00568705 /* RepoListViewModelMapper.swift in Sources */ = {isa = PBXBuildFile; fileRef = 40F727EE2938E17C00568705 /* RepoListViewModelMapper.swift */; };
		40F727F42938FF5100568705 /* UserDefaults.swift in Sources */ = {isa = PBXBuildFile; fileRef = 40F727F32938FF5100568705 /* UserDefaults.swift */; };
		40F727F72938FFA000568705 /* RepoStorage.swift in Sources */ = {isa = PBXBuildFile; fileRef = 40F727F62938FFA000568705 /* RepoStorage.swift */; };
/* End PBXBuildFile section */

/* Begin PBXFileReference section */
		0AFD66B49D4AB8EB155EB9FC /* Pods_GitEmoji.framework */ = {isa = PBXFileReference; explicitFileType = wrapper.framework; includeInIndex = 0; path = Pods_GitEmoji.framework; sourceTree = BUILT_PRODUCTS_DIR; };
		13C4AAC2293C34E2003E8EDC /* HomeInteractor.swift */ = {isa = PBXFileReference; lastKnownFileType = sourcecode.swift; path = HomeInteractor.swift; sourceTree = "<group>"; };
		13C4AAC5293C35EA003E8EDC /* EmojiStorage.swift */ = {isa = PBXFileReference; lastKnownFileType = sourcecode.swift; path = EmojiStorage.swift; sourceTree = "<group>"; };
		13C4AACB293C36FE003E8EDC /* Emoji.swift */ = {isa = PBXFileReference; lastKnownFileType = sourcecode.swift; path = Emoji.swift; sourceTree = "<group>"; };
		13C4AACF293C3727003E8EDC /* EmojiInteractor.swift */ = {isa = PBXFileReference; lastKnownFileType = sourcecode.swift; path = EmojiInteractor.swift; sourceTree = "<group>"; };
		13C4AAD1293C3735003E8EDC /* EmojiAdapter.swift */ = {isa = PBXFileReference; lastKnownFileType = sourcecode.swift; path = EmojiAdapter.swift; sourceTree = "<group>"; };
		13C4AAD8293D3926003E8EDC /* EmojiListRouter.swift */ = {isa = PBXFileReference; lastKnownFileType = sourcecode.swift; path = EmojiListRouter.swift; sourceTree = "<group>"; };
		13C4AADA293D3967003E8EDC /* EmojiListViewController.swift */ = {isa = PBXFileReference; lastKnownFileType = sourcecode.swift; path = EmojiListViewController.swift; sourceTree = "<group>"; };
		13C4AADB293D3967003E8EDC /* EmojiListViewController.xib */ = {isa = PBXFileReference; lastKnownFileType = file.xib; path = EmojiListViewController.xib; sourceTree = "<group>"; };
		13C4AADE293D397C003E8EDC /* EmojiListPresenter.swift */ = {isa = PBXFileReference; lastKnownFileType = sourcecode.swift; path = EmojiListPresenter.swift; sourceTree = "<group>"; };
		13C4AAE0293D3A45003E8EDC /* EmojiListInteractor.swift */ = {isa = PBXFileReference; lastKnownFileType = sourcecode.swift; path = EmojiListInteractor.swift; sourceTree = "<group>"; };
		13C4AAE4293D3BC4003E8EDC /* EmojiCollectionViewCell.swift */ = {isa = PBXFileReference; lastKnownFileType = sourcecode.swift; path = EmojiCollectionViewCell.swift; sourceTree = "<group>"; };
		13C4AAE5293D3BC4003E8EDC /* EmojiCollectionViewCell.xib */ = {isa = PBXFileReference; lastKnownFileType = file.xib; path = EmojiCollectionViewCell.xib; sourceTree = "<group>"; };
		13C4AAE8293D3CC8003E8EDC /* EmojiViewModelMapper.swift */ = {isa = PBXFileReference; lastKnownFileType = sourcecode.swift; path = EmojiViewModelMapper.swift; sourceTree = "<group>"; };
		13C4AAEA293D3CE2003E8EDC /* EmojiViewModel.swift */ = {isa = PBXFileReference; lastKnownFileType = sourcecode.swift; path = EmojiViewModel.swift; sourceTree = "<group>"; };
		4090D8D02937EE0800817D34 /* GitEmoji.app */ = {isa = PBXFileReference; explicitFileType = wrapper.application; includeInIndex = 0; path = GitEmoji.app; sourceTree = BUILT_PRODUCTS_DIR; };
		4090D8D32937EE0800817D34 /* AppDelegate.swift */ = {isa = PBXFileReference; lastKnownFileType = sourcecode.swift; path = AppDelegate.swift; sourceTree = "<group>"; };
		4090D8D52937EE0800817D34 /* SceneDelegate.swift */ = {isa = PBXFileReference; lastKnownFileType = sourcecode.swift; path = SceneDelegate.swift; sourceTree = "<group>"; };
		4090D8D72937EE0800817D34 /* ViewController.swift */ = {isa = PBXFileReference; lastKnownFileType = sourcecode.swift; path = ViewController.swift; sourceTree = "<group>"; };
		4090D8DA2937EE0800817D34 /* Base */ = {isa = PBXFileReference; lastKnownFileType = file.storyboard; name = Base; path = Base.lproj/Main.storyboard; sourceTree = "<group>"; };
		4090D8DC2937EE0C00817D34 /* Assets.xcassets */ = {isa = PBXFileReference; lastKnownFileType = folder.assetcatalog; path = Assets.xcassets; sourceTree = "<group>"; };
		4090D8DF2937EE0C00817D34 /* Base */ = {isa = PBXFileReference; lastKnownFileType = file.storyboard; name = Base; path = Base.lproj/LaunchScreen.storyboard; sourceTree = "<group>"; };
		4090D8E12937EE0C00817D34 /* Info.plist */ = {isa = PBXFileReference; lastKnownFileType = text.plist.xml; path = Info.plist; sourceTree = "<group>"; };
		40F727C12937EF6700568705 /* HomeViewController.swift */ = {isa = PBXFileReference; lastKnownFileType = sourcecode.swift; path = HomeViewController.swift; sourceTree = "<group>"; };
		40F727C22937EF6700568705 /* HomeViewController.xib */ = {isa = PBXFileReference; lastKnownFileType = file.xib; path = HomeViewController.xib; sourceTree = "<group>"; };
		40F727C92937F8D400568705 /* HomePresenter.swift */ = {isa = PBXFileReference; lastKnownFileType = sourcecode.swift; path = HomePresenter.swift; sourceTree = "<group>"; };
		40F727CB2937F8DD00568705 /* HomeRouter.swift */ = {isa = PBXFileReference; lastKnownFileType = sourcecode.swift; path = HomeRouter.swift; sourceTree = "<group>"; };
		40F727D0293800FD00568705 /* AppleRepoListViewController.swift */ = {isa = PBXFileReference; lastKnownFileType = sourcecode.swift; path = AppleRepoListViewController.swift; sourceTree = "<group>"; };
		40F727D1293800FD00568705 /* AppleRepoListViewController.xib */ = {isa = PBXFileReference; lastKnownFileType = file.xib; path = AppleRepoListViewController.xib; sourceTree = "<group>"; };
		40F727D52938BFD200568705 /* AppleRepoTableViewCell.swift */ = {isa = PBXFileReference; lastKnownFileType = sourcecode.swift; path = AppleRepoTableViewCell.swift; sourceTree = "<group>"; };
		40F727D62938BFD200568705 /* AppleRepoTableViewCell.xib */ = {isa = PBXFileReference; lastKnownFileType = file.xib; path = AppleRepoTableViewCell.xib; sourceTree = "<group>"; };
		40F727DB2938C44700568705 /* ReusableView.swift */ = {isa = PBXFileReference; lastKnownFileType = sourcecode.swift; path = ReusableView.swift; sourceTree = "<group>"; };
		40F727E12938D64900568705 /* AppleRepoListAdapter.swift */ = {isa = PBXFileReference; lastKnownFileType = sourcecode.swift; path = AppleRepoListAdapter.swift; sourceTree = "<group>"; };
		40F727E32938D65800568705 /* AppleRepoListRouter.swift */ = {isa = PBXFileReference; lastKnownFileType = sourcecode.swift; path = AppleRepoListRouter.swift; sourceTree = "<group>"; };
		40F727E52938D65F00568705 /* AppleRepoListInteractor.swift */ = {isa = PBXFileReference; lastKnownFileType = sourcecode.swift; path = AppleRepoListInteractor.swift; sourceTree = "<group>"; };
		40F727E72938D66800568705 /* AppleRepoListPresenter.swift */ = {isa = PBXFileReference; lastKnownFileType = sourcecode.swift; path = AppleRepoListPresenter.swift; sourceTree = "<group>"; };
		40F727E92938DCEF00568705 /* Repo.swift */ = {isa = PBXFileReference; lastKnownFileType = sourcecode.swift; path = Repo.swift; sourceTree = "<group>"; };
		40F727EC2938E17100568705 /* RepoViewModel.swift */ = {isa = PBXFileReference; lastKnownFileType = sourcecode.swift; path = RepoViewModel.swift; sourceTree = "<group>"; };
		40F727EE2938E17C00568705 /* RepoListViewModelMapper.swift */ = {isa = PBXFileReference; lastKnownFileType = sourcecode.swift; path = RepoListViewModelMapper.swift; sourceTree = "<group>"; };
		40F727F32938FF5100568705 /* UserDefaults.swift */ = {isa = PBXFileReference; lastKnownFileType = sourcecode.swift; path = UserDefaults.swift; sourceTree = "<group>"; };
		40F727F62938FFA000568705 /* RepoStorage.swift */ = {isa = PBXFileReference; lastKnownFileType = sourcecode.swift; path = RepoStorage.swift; sourceTree = "<group>"; };
		AF1D9E336F33849448E43B57 /* Pods-GitEmoji.release.xcconfig */ = {isa = PBXFileReference; includeInIndex = 1; lastKnownFileType = text.xcconfig; name = "Pods-GitEmoji.release.xcconfig"; path = "Target Support Files/Pods-GitEmoji/Pods-GitEmoji.release.xcconfig"; sourceTree = "<group>"; };
		CE22D2A3F208A8572DDA3B2A /* Pods-GitEmoji.debug.xcconfig */ = {isa = PBXFileReference; includeInIndex = 1; lastKnownFileType = text.xcconfig; name = "Pods-GitEmoji.debug.xcconfig"; path = "Target Support Files/Pods-GitEmoji/Pods-GitEmoji.debug.xcconfig"; sourceTree = "<group>"; };
/* End PBXFileReference section */

/* Begin PBXFrameworksBuildPhase section */
		4090D8CD2937EE0800817D34 /* Frameworks */ = {
			isa = PBXFrameworksBuildPhase;
			buildActionMask = 2147483647;
			files = (
				3DE9343DD803C6D736632BD2 /* Pods_GitEmoji.framework in Frameworks */,
			);
			runOnlyForDeploymentPostprocessing = 0;
		};
/* End PBXFrameworksBuildPhase section */

/* Begin PBXGroup section */
		13C4AAC1293C3448003E8EDC /* Interactor */ = {
			isa = PBXGroup;
			children = (
				13C4AAC2293C34E2003E8EDC /* HomeInteractor.swift */,
			);
			path = Interactor;
			sourceTree = "<group>";
		};
		13C4AAC7293C368A003E8EDC /* Emoji */ = {
			isa = PBXGroup;
			children = (
				13C4AACE293C371B003E8EDC /* Adapter */,
				13C4AACD293C3714003E8EDC /* Interactor */,
				13C4AAC9293C36BC003E8EDC /* Entity */,
				13C4AAC8293C36B1003E8EDC /* Storage */,
			);
			path = Emoji;
			sourceTree = "<group>";
		};
		13C4AAC8293C36B1003E8EDC /* Storage */ = {
			isa = PBXGroup;
			children = (
				13C4AAC5293C35EA003E8EDC /* EmojiStorage.swift */,
			);
			path = Storage;
			sourceTree = "<group>";
		};
		13C4AAC9293C36BC003E8EDC /* Entity */ = {
			isa = PBXGroup;
			children = (
				13C4AACB293C36FE003E8EDC /* Emoji.swift */,
			);
			path = Entity;
			sourceTree = "<group>";
		};
		13C4AACA293C36DC003E8EDC /* UseCase */ = {
			isa = PBXGroup;
			children = (
				13C4AAC7293C368A003E8EDC /* Emoji */,
			);
			path = UseCase;
			sourceTree = "<group>";
		};
		13C4AACD293C3714003E8EDC /* Interactor */ = {
			isa = PBXGroup;
			children = (
				13C4AACF293C3727003E8EDC /* EmojiInteractor.swift */,
			);
			path = Interactor;
			sourceTree = "<group>";
		};
		13C4AACE293C371B003E8EDC /* Adapter */ = {
			isa = PBXGroup;
			children = (
				13C4AAD1293C3735003E8EDC /* EmojiAdapter.swift */,
			);
			path = Adapter;
			sourceTree = "<group>";
		};
		13C4AAD3293D38E9003E8EDC /* EmojiList */ = {
			isa = PBXGroup;
			children = (
				13C4AAE2293D3A89003E8EDC /* Entity */,
				13C4AAD7293D3905003E8EDC /* Interactor */,
				13C4AAD6293D38FF003E8EDC /* Presenter */,
				13C4AAD5293D38F8003E8EDC /* View */,
				13C4AAD4293D38F1003E8EDC /* Router */,
			);
			path = EmojiList;
			sourceTree = "<group>";
		};
		13C4AAD4293D38F1003E8EDC /* Router */ = {
			isa = PBXGroup;
			children = (
				13C4AAD8293D3926003E8EDC /* EmojiListRouter.swift */,
			);
			path = Router;
			sourceTree = "<group>";
		};
		13C4AAD5293D38F8003E8EDC /* View */ = {
			isa = PBXGroup;
			children = (
				13C4AAE3293D3BAD003E8EDC /* Cell */,
				13C4AADA293D3967003E8EDC /* EmojiListViewController.swift */,
				13C4AADB293D3967003E8EDC /* EmojiListViewController.xib */,
			);
			path = View;
			sourceTree = "<group>";
		};
		13C4AAD6293D38FF003E8EDC /* Presenter */ = {
			isa = PBXGroup;
			children = (
				13C4AADE293D397C003E8EDC /* EmojiListPresenter.swift */,
			);
			path = Presenter;
			sourceTree = "<group>";
		};
		13C4AAD7293D3905003E8EDC /* Interactor */ = {
			isa = PBXGroup;
			children = (
				13C4AAE0293D3A45003E8EDC /* EmojiListInteractor.swift */,
			);
			path = Interactor;
			sourceTree = "<group>";
		};
		13C4AAE2293D3A89003E8EDC /* Entity */ = {
			isa = PBXGroup;
			children = (
				13C4AAE8293D3CC8003E8EDC /* EmojiViewModelMapper.swift */,
				13C4AAEA293D3CE2003E8EDC /* EmojiViewModel.swift */,
			);
			path = Entity;
			sourceTree = "<group>";
		};
		13C4AAE3293D3BAD003E8EDC /* Cell */ = {
			isa = PBXGroup;
			children = (
				13C4AAE4293D3BC4003E8EDC /* EmojiCollectionViewCell.swift */,
				13C4AAE5293D3BC4003E8EDC /* EmojiCollectionViewCell.xib */,
			);
			path = Cell;
			sourceTree = "<group>";
		};
		228E6E31981D38A0D9F7F2A5 /* Pods */ = {
			isa = PBXGroup;
			children = (
				CE22D2A3F208A8572DDA3B2A /* Pods-GitEmoji.debug.xcconfig */,
				AF1D9E336F33849448E43B57 /* Pods-GitEmoji.release.xcconfig */,
			);
			path = Pods;
			sourceTree = "<group>";
		};
		4090D8C72937EE0800817D34 = {
			isa = PBXGroup;
			children = (
				4090D8D22937EE0800817D34 /* GitEmoji */,
				4090D8D12937EE0800817D34 /* Products */,
				228E6E31981D38A0D9F7F2A5 /* Pods */,
				830B86C976777E2E2D5789D8 /* Frameworks */,
			);
			sourceTree = "<group>";
		};
		4090D8D12937EE0800817D34 /* Products */ = {
			isa = PBXGroup;
			children = (
				4090D8D02937EE0800817D34 /* GitEmoji.app */,
			);
			name = Products;
			sourceTree = "<group>";
		};
		4090D8D22937EE0800817D34 /* GitEmoji */ = {
			isa = PBXGroup;
			children = (
				13C4AAD3293D38E9003E8EDC /* EmojiList */,
				40F727D92938C40300568705 /* Shared */,
				40F727CE293800D000568705 /* RepoList */,
				40F727BF2937EF4600568705 /* Home */,
				4090D8D32937EE0800817D34 /* AppDelegate.swift */,
				4090D8D52937EE0800817D34 /* SceneDelegate.swift */,
				4090D8D72937EE0800817D34 /* ViewController.swift */,
				4090D8D92937EE0800817D34 /* Main.storyboard */,
				4090D8DC2937EE0C00817D34 /* Assets.xcassets */,
				4090D8DE2937EE0C00817D34 /* LaunchScreen.storyboard */,
				4090D8E12937EE0C00817D34 /* Info.plist */,
			);
			path = GitEmoji;
			sourceTree = "<group>";
		};
		40F727BF2937EF4600568705 /* Home */ = {
			isa = PBXGroup;
			children = (
				13C4AAC1293C3448003E8EDC /* Interactor */,
				40F727C62937F2B200568705 /* Router */,
				40F727C52937F2AB00568705 /* Presenter */,
				40F727C02937EF5400568705 /* View */,
			);
			path = Home;
			sourceTree = "<group>";
		};
		40F727C02937EF5400568705 /* View */ = {
			isa = PBXGroup;
			children = (
				40F727C12937EF6700568705 /* HomeViewController.swift */,
				40F727C22937EF6700568705 /* HomeViewController.xib */,
			);
			path = View;
			sourceTree = "<group>";
		};
		40F727C52937F2AB00568705 /* Presenter */ = {
			isa = PBXGroup;
			children = (
				40F727C92937F8D400568705 /* HomePresenter.swift */,
			);
			path = Presenter;
			sourceTree = "<group>";
		};
		40F727C62937F2B200568705 /* Router */ = {
			isa = PBXGroup;
			children = (
				40F727CB2937F8DD00568705 /* HomeRouter.swift */,
			);
			path = Router;
			sourceTree = "<group>";
		};
		40F727CE293800D000568705 /* RepoList */ = {
			isa = PBXGroup;
			children = (
				40F727F52938FF9300568705 /* Storage */,
				40F727EB2938DD5200568705 /* Entity */,
				40F727E02938C51900568705 /* Adapter */,
				40F727DF2938C51300568705 /* Router */,
				40F727DE2938C50C00568705 /* Interactor */,
				40F727DD2938C50600568705 /* Presenter */,
				40F727CF293800D800568705 /* View */,
			);
			path = RepoList;
			sourceTree = "<group>";
		};
		40F727CF293800D800568705 /* View */ = {
			isa = PBXGroup;
			children = (
				40F727D42938BFAF00568705 /* Cell */,
				40F727D0293800FD00568705 /* AppleRepoListViewController.swift */,
				40F727D1293800FD00568705 /* AppleRepoListViewController.xib */,
			);
			path = View;
			sourceTree = "<group>";
		};
		40F727D42938BFAF00568705 /* Cell */ = {
			isa = PBXGroup;
			children = (
				40F727D52938BFD200568705 /* AppleRepoTableViewCell.swift */,
				40F727D62938BFD200568705 /* AppleRepoTableViewCell.xib */,
			);
			path = Cell;
			sourceTree = "<group>";
		};
		40F727D92938C40300568705 /* Shared */ = {
			isa = PBXGroup;
			children = (
				13C4AACA293C36DC003E8EDC /* UseCase */,
				40F727DA2938C43900568705 /* Extension */,
			);
			path = Shared;
			sourceTree = "<group>";
		};
		40F727DA2938C43900568705 /* Extension */ = {
			isa = PBXGroup;
			children = (
				40F727DB2938C44700568705 /* ReusableView.swift */,
				40F727F32938FF5100568705 /* UserDefaults.swift */,
			);
			path = Extension;
			sourceTree = "<group>";
		};
		40F727DD2938C50600568705 /* Presenter */ = {
			isa = PBXGroup;
			children = (
				40F727E72938D66800568705 /* AppleRepoListPresenter.swift */,
			);
			path = Presenter;
			sourceTree = "<group>";
		};
		40F727DE2938C50C00568705 /* Interactor */ = {
			isa = PBXGroup;
			children = (
				40F727E52938D65F00568705 /* AppleRepoListInteractor.swift */,
			);
			path = Interactor;
			sourceTree = "<group>";
		};
		40F727DF2938C51300568705 /* Router */ = {
			isa = PBXGroup;
			children = (
				40F727E32938D65800568705 /* AppleRepoListRouter.swift */,
			);
			path = Router;
			sourceTree = "<group>";
		};
		40F727E02938C51900568705 /* Adapter */ = {
			isa = PBXGroup;
			children = (
				40F727E12938D64900568705 /* AppleRepoListAdapter.swift */,
			);
			path = Adapter;
			sourceTree = "<group>";
		};
		40F727EB2938DD5200568705 /* Entity */ = {
			isa = PBXGroup;
			children = (
				40F727E92938DCEF00568705 /* Repo.swift */,
				40F727EC2938E17100568705 /* RepoViewModel.swift */,
				40F727EE2938E17C00568705 /* RepoListViewModelMapper.swift */,
			);
			path = Entity;
			sourceTree = "<group>";
		};
		40F727F52938FF9300568705 /* Storage */ = {
			isa = PBXGroup;
			children = (
				40F727F62938FFA000568705 /* RepoStorage.swift */,
			);
			path = Storage;
			sourceTree = "<group>";
		};
		830B86C976777E2E2D5789D8 /* Frameworks */ = {
			isa = PBXGroup;
			children = (
				0AFD66B49D4AB8EB155EB9FC /* Pods_GitEmoji.framework */,
			);
			name = Frameworks;
			sourceTree = "<group>";
		};
/* End PBXGroup section */

/* Begin PBXNativeTarget section */
		4090D8CF2937EE0800817D34 /* GitEmoji */ = {
			isa = PBXNativeTarget;
			buildConfigurationList = 4090D8E42937EE0C00817D34 /* Build configuration list for PBXNativeTarget "GitEmoji" */;
			buildPhases = (
				19B32023A5444646AC23037A /* [CP] Check Pods Manifest.lock */,
				4090D8CC2937EE0800817D34 /* Sources */,
				4090D8CD2937EE0800817D34 /* Frameworks */,
				4090D8CE2937EE0800817D34 /* Resources */,
				00A585579B68B7AB05C9C5F3 /* [CP] Embed Pods Frameworks */,
			);
			buildRules = (
			);
			dependencies = (
			);
			name = GitEmoji;
			productName = GitEmoji;
			productReference = 4090D8D02937EE0800817D34 /* GitEmoji.app */;
			productType = "com.apple.product-type.application";
		};
/* End PBXNativeTarget section */

/* Begin PBXProject section */
		4090D8C82937EE0800817D34 /* Project object */ = {
			isa = PBXProject;
			attributes = {
				BuildIndependentTargetsInParallel = 1;
				LastSwiftUpdateCheck = 1410;
				LastUpgradeCheck = 1410;
				TargetAttributes = {
					4090D8CF2937EE0800817D34 = {
						CreatedOnToolsVersion = 14.1;
					};
				};
			};
			buildConfigurationList = 4090D8CB2937EE0800817D34 /* Build configuration list for PBXProject "GitEmoji" */;
			compatibilityVersion = "Xcode 14.0";
			developmentRegion = en;
			hasScannedForEncodings = 0;
			knownRegions = (
				en,
				Base,
			);
			mainGroup = 4090D8C72937EE0800817D34;
			productRefGroup = 4090D8D12937EE0800817D34 /* Products */;
			projectDirPath = "";
			projectRoot = "";
			targets = (
				4090D8CF2937EE0800817D34 /* GitEmoji */,
			);
		};
/* End PBXProject section */

/* Begin PBXResourcesBuildPhase section */
		4090D8CE2937EE0800817D34 /* Resources */ = {
			isa = PBXResourcesBuildPhase;
			buildActionMask = 2147483647;
			files = (
				4090D8E02937EE0C00817D34 /* LaunchScreen.storyboard in Resources */,
				13C4AADD293D3967003E8EDC /* EmojiListViewController.xib in Resources */,
				4090D8DD2937EE0C00817D34 /* Assets.xcassets in Resources */,
				40F727D82938BFD200568705 /* AppleRepoTableViewCell.xib in Resources */,
				4090D8DB2937EE0800817D34 /* Main.storyboard in Resources */,
				40F727C42937EF6700568705 /* HomeViewController.xib in Resources */,
				40F727D3293800FD00568705 /* AppleRepoListViewController.xib in Resources */,
				13C4AAE7293D3BC4003E8EDC /* EmojiCollectionViewCell.xib in Resources */,
			);
			runOnlyForDeploymentPostprocessing = 0;
		};
/* End PBXResourcesBuildPhase section */

/* Begin PBXShellScriptBuildPhase section */
		00A585579B68B7AB05C9C5F3 /* [CP] Embed Pods Frameworks */ = {
			isa = PBXShellScriptBuildPhase;
			buildActionMask = 2147483647;
			files = (
			);
			inputFileListPaths = (
				"${PODS_ROOT}/Target Support Files/Pods-GitEmoji/Pods-GitEmoji-frameworks-${CONFIGURATION}-input-files.xcfilelist",
			);
			name = "[CP] Embed Pods Frameworks";
			outputFileListPaths = (
				"${PODS_ROOT}/Target Support Files/Pods-GitEmoji/Pods-GitEmoji-frameworks-${CONFIGURATION}-output-files.xcfilelist",
			);
			runOnlyForDeploymentPostprocessing = 0;
			shellPath = /bin/sh;
			shellScript = "\"${PODS_ROOT}/Target Support Files/Pods-GitEmoji/Pods-GitEmoji-frameworks.sh\"\n";
			showEnvVarsInLog = 0;
		};
		19B32023A5444646AC23037A /* [CP] Check Pods Manifest.lock */ = {
			isa = PBXShellScriptBuildPhase;
			buildActionMask = 2147483647;
			files = (
			);
			inputFileListPaths = (
			);
			inputPaths = (
				"${PODS_PODFILE_DIR_PATH}/Podfile.lock",
				"${PODS_ROOT}/Manifest.lock",
			);
			name = "[CP] Check Pods Manifest.lock";
			outputFileListPaths = (
			);
			outputPaths = (
				"$(DERIVED_FILE_DIR)/Pods-GitEmoji-checkManifestLockResult.txt",
			);
			runOnlyForDeploymentPostprocessing = 0;
			shellPath = /bin/sh;
			shellScript = "diff \"${PODS_PODFILE_DIR_PATH}/Podfile.lock\" \"${PODS_ROOT}/Manifest.lock\" > /dev/null\nif [ $? != 0 ] ; then\n    # print error to STDERR\n    echo \"error: The sandbox is not in sync with the Podfile.lock. Run 'pod install' or update your CocoaPods installation.\" >&2\n    exit 1\nfi\n# This output is used by Xcode 'outputs' to avoid re-running this script phase.\necho \"SUCCESS\" > \"${SCRIPT_OUTPUT_FILE_0}\"\n";
			showEnvVarsInLog = 0;
		};
/* End PBXShellScriptBuildPhase section */

/* Begin PBXSourcesBuildPhase section */
		4090D8CC2937EE0800817D34 /* Sources */ = {
			isa = PBXSourcesBuildPhase;
			buildActionMask = 2147483647;
			files = (
				40F727E22938D64900568705 /* AppleRepoListAdapter.swift in Sources */,
				13C4AAC3293C34E2003E8EDC /* HomeInteractor.swift in Sources */,
				40F727DC2938C44700568705 /* ReusableView.swift in Sources */,
				13C4AAD0293C3727003E8EDC /* EmojiInteractor.swift in Sources */,
				40F727EA2938DCEF00568705 /* Repo.swift in Sources */,
				4090D8D82937EE0800817D34 /* ViewController.swift in Sources */,
				40F727CC2937F8DD00568705 /* HomeRouter.swift in Sources */,
				13C4AAEB293D3CE2003E8EDC /* EmojiViewModel.swift in Sources */,
				13C4AAE6293D3BC4003E8EDC /* EmojiCollectionViewCell.swift in Sources */,
				40F727F42938FF5100568705 /* UserDefaults.swift in Sources */,
				13C4AAD2293C3735003E8EDC /* EmojiAdapter.swift in Sources */,
				13C4AAD9293D3926003E8EDC /* EmojiListRouter.swift in Sources */,
				40F727E42938D65800568705 /* AppleRepoListRouter.swift in Sources */,
				13C4AADC293D3967003E8EDC /* EmojiListViewController.swift in Sources */,
				13C4AAE1293D3A45003E8EDC /* EmojiListInteractor.swift in Sources */,
				13C4AAE9293D3CC8003E8EDC /* EmojiViewModelMapper.swift in Sources */,
				40F727F72938FFA000568705 /* RepoStorage.swift in Sources */,
				40F727D72938BFD200568705 /* AppleRepoTableViewCell.swift in Sources */,
				40F727D2293800FD00568705 /* AppleRepoListViewController.swift in Sources */,
				13C4AADF293D397C003E8EDC /* EmojiListPresenter.swift in Sources */,
				40F727ED2938E17100568705 /* RepoViewModel.swift in Sources */,
				40F727E62938D65F00568705 /* AppleRepoListInteractor.swift in Sources */,
				40F727E82938D66800568705 /* AppleRepoListPresenter.swift in Sources */,
				40F727EF2938E17C00568705 /* RepoListViewModelMapper.swift in Sources */,
				4090D8D42937EE0800817D34 /* AppDelegate.swift in Sources */,
				4090D8D62937EE0800817D34 /* SceneDelegate.swift in Sources */,
				40F727CA2937F8D400568705 /* HomePresenter.swift in Sources */,
				13C4AACC293C36FE003E8EDC /* Emoji.swift in Sources */,
				13C4AAC6293C35EA003E8EDC /* EmojiStorage.swift in Sources */,
				40F727C32937EF6700568705 /* HomeViewController.swift in Sources */,
			);
			runOnlyForDeploymentPostprocessing = 0;
		};
/* End PBXSourcesBuildPhase section */

/* Begin PBXVariantGroup section */
		4090D8D92937EE0800817D34 /* Main.storyboard */ = {
			isa = PBXVariantGroup;
			children = (
				4090D8DA2937EE0800817D34 /* Base */,
			);
			name = Main.storyboard;
			sourceTree = "<group>";
		};
		4090D8DE2937EE0C00817D34 /* LaunchScreen.storyboard */ = {
			isa = PBXVariantGroup;
			children = (
				4090D8DF2937EE0C00817D34 /* Base */,
			);
			name = LaunchScreen.storyboard;
			sourceTree = "<group>";
		};
/* End PBXVariantGroup section */

/* Begin XCBuildConfiguration section */
		4090D8E22937EE0C00817D34 /* Debug */ = {
			isa = XCBuildConfiguration;
			buildSettings = {
				ALWAYS_SEARCH_USER_PATHS = NO;
				CLANG_ANALYZER_NONNULL = YES;
				CLANG_ANALYZER_NUMBER_OBJECT_CONVERSION = YES_AGGRESSIVE;
				CLANG_CXX_LANGUAGE_STANDARD = "gnu++20";
				CLANG_ENABLE_MODULES = YES;
				CLANG_ENABLE_OBJC_ARC = YES;
				CLANG_ENABLE_OBJC_WEAK = YES;
				CLANG_WARN_BLOCK_CAPTURE_AUTORELEASING = YES;
				CLANG_WARN_BOOL_CONVERSION = YES;
				CLANG_WARN_COMMA = YES;
				CLANG_WARN_CONSTANT_CONVERSION = YES;
				CLANG_WARN_DEPRECATED_OBJC_IMPLEMENTATIONS = YES;
				CLANG_WARN_DIRECT_OBJC_ISA_USAGE = YES_ERROR;
				CLANG_WARN_DOCUMENTATION_COMMENTS = YES;
				CLANG_WARN_EMPTY_BODY = YES;
				CLANG_WARN_ENUM_CONVERSION = YES;
				CLANG_WARN_INFINITE_RECURSION = YES;
				CLANG_WARN_INT_CONVERSION = YES;
				CLANG_WARN_NON_LITERAL_NULL_CONVERSION = YES;
				CLANG_WARN_OBJC_IMPLICIT_RETAIN_SELF = YES;
				CLANG_WARN_OBJC_LITERAL_CONVERSION = YES;
				CLANG_WARN_OBJC_ROOT_CLASS = YES_ERROR;
				CLANG_WARN_QUOTED_INCLUDE_IN_FRAMEWORK_HEADER = YES;
				CLANG_WARN_RANGE_LOOP_ANALYSIS = YES;
				CLANG_WARN_STRICT_PROTOTYPES = YES;
				CLANG_WARN_SUSPICIOUS_MOVE = YES;
				CLANG_WARN_UNGUARDED_AVAILABILITY = YES_AGGRESSIVE;
				CLANG_WARN_UNREACHABLE_CODE = YES;
				CLANG_WARN__DUPLICATE_METHOD_MATCH = YES;
				COPY_PHASE_STRIP = NO;
				DEBUG_INFORMATION_FORMAT = dwarf;
				ENABLE_STRICT_OBJC_MSGSEND = YES;
				ENABLE_TESTABILITY = YES;
				GCC_C_LANGUAGE_STANDARD = gnu11;
				GCC_DYNAMIC_NO_PIC = NO;
				GCC_NO_COMMON_BLOCKS = YES;
				GCC_OPTIMIZATION_LEVEL = 0;
				GCC_PREPROCESSOR_DEFINITIONS = (
					"DEBUG=1",
					"$(inherited)",
				);
				GCC_WARN_64_TO_32_BIT_CONVERSION = YES;
				GCC_WARN_ABOUT_RETURN_TYPE = YES_ERROR;
				GCC_WARN_UNDECLARED_SELECTOR = YES;
				GCC_WARN_UNINITIALIZED_AUTOS = YES_AGGRESSIVE;
				GCC_WARN_UNUSED_FUNCTION = YES;
				GCC_WARN_UNUSED_VARIABLE = YES;
				IPHONEOS_DEPLOYMENT_TARGET = 16.1;
				MTL_ENABLE_DEBUG_INFO = INCLUDE_SOURCE;
				MTL_FAST_MATH = YES;
				ONLY_ACTIVE_ARCH = YES;
				SDKROOT = iphoneos;
				SWIFT_ACTIVE_COMPILATION_CONDITIONS = DEBUG;
				SWIFT_OPTIMIZATION_LEVEL = "-Onone";
			};
			name = Debug;
		};
		4090D8E32937EE0C00817D34 /* Release */ = {
			isa = XCBuildConfiguration;
			buildSettings = {
				ALWAYS_SEARCH_USER_PATHS = NO;
				CLANG_ANALYZER_NONNULL = YES;
				CLANG_ANALYZER_NUMBER_OBJECT_CONVERSION = YES_AGGRESSIVE;
				CLANG_CXX_LANGUAGE_STANDARD = "gnu++20";
				CLANG_ENABLE_MODULES = YES;
				CLANG_ENABLE_OBJC_ARC = YES;
				CLANG_ENABLE_OBJC_WEAK = YES;
				CLANG_WARN_BLOCK_CAPTURE_AUTORELEASING = YES;
				CLANG_WARN_BOOL_CONVERSION = YES;
				CLANG_WARN_COMMA = YES;
				CLANG_WARN_CONSTANT_CONVERSION = YES;
				CLANG_WARN_DEPRECATED_OBJC_IMPLEMENTATIONS = YES;
				CLANG_WARN_DIRECT_OBJC_ISA_USAGE = YES_ERROR;
				CLANG_WARN_DOCUMENTATION_COMMENTS = YES;
				CLANG_WARN_EMPTY_BODY = YES;
				CLANG_WARN_ENUM_CONVERSION = YES;
				CLANG_WARN_INFINITE_RECURSION = YES;
				CLANG_WARN_INT_CONVERSION = YES;
				CLANG_WARN_NON_LITERAL_NULL_CONVERSION = YES;
				CLANG_WARN_OBJC_IMPLICIT_RETAIN_SELF = YES;
				CLANG_WARN_OBJC_LITERAL_CONVERSION = YES;
				CLANG_WARN_OBJC_ROOT_CLASS = YES_ERROR;
				CLANG_WARN_QUOTED_INCLUDE_IN_FRAMEWORK_HEADER = YES;
				CLANG_WARN_RANGE_LOOP_ANALYSIS = YES;
				CLANG_WARN_STRICT_PROTOTYPES = YES;
				CLANG_WARN_SUSPICIOUS_MOVE = YES;
				CLANG_WARN_UNGUARDED_AVAILABILITY = YES_AGGRESSIVE;
				CLANG_WARN_UNREACHABLE_CODE = YES;
				CLANG_WARN__DUPLICATE_METHOD_MATCH = YES;
				COPY_PHASE_STRIP = NO;
				DEBUG_INFORMATION_FORMAT = "dwarf-with-dsym";
				ENABLE_NS_ASSERTIONS = NO;
				ENABLE_STRICT_OBJC_MSGSEND = YES;
				GCC_C_LANGUAGE_STANDARD = gnu11;
				GCC_NO_COMMON_BLOCKS = YES;
				GCC_WARN_64_TO_32_BIT_CONVERSION = YES;
				GCC_WARN_ABOUT_RETURN_TYPE = YES_ERROR;
				GCC_WARN_UNDECLARED_SELECTOR = YES;
				GCC_WARN_UNINITIALIZED_AUTOS = YES_AGGRESSIVE;
				GCC_WARN_UNUSED_FUNCTION = YES;
				GCC_WARN_UNUSED_VARIABLE = YES;
				IPHONEOS_DEPLOYMENT_TARGET = 16.1;
				MTL_ENABLE_DEBUG_INFO = NO;
				MTL_FAST_MATH = YES;
				SDKROOT = iphoneos;
				SWIFT_COMPILATION_MODE = wholemodule;
				SWIFT_OPTIMIZATION_LEVEL = "-O";
				VALIDATE_PRODUCT = YES;
			};
			name = Release;
		};
		4090D8E52937EE0C00817D34 /* Debug */ = {
			isa = XCBuildConfiguration;
			baseConfigurationReference = CE22D2A3F208A8572DDA3B2A /* Pods-GitEmoji.debug.xcconfig */;
			buildSettings = {
				ASSETCATALOG_COMPILER_APPICON_NAME = AppIcon;
				ASSETCATALOG_COMPILER_GLOBAL_ACCENT_COLOR_NAME = AccentColor;
				CODE_SIGN_STYLE = Automatic;
				CURRENT_PROJECT_VERSION = 1;
				DEVELOPMENT_TEAM = CBJLEDS7Z4;
				GENERATE_INFOPLIST_FILE = YES;
				INFOPLIST_FILE = GitEmoji/Info.plist;
				INFOPLIST_KEY_UIApplicationSupportsIndirectInputEvents = YES;
				INFOPLIST_KEY_UILaunchStoryboardName = LaunchScreen;
				INFOPLIST_KEY_UIMainStoryboardFile = Main;
				INFOPLIST_KEY_UISupportedInterfaceOrientations_iPad = "UIInterfaceOrientationPortrait UIInterfaceOrientationPortraitUpsideDown UIInterfaceOrientationLandscapeLeft UIInterfaceOrientationLandscapeRight";
				INFOPLIST_KEY_UISupportedInterfaceOrientations_iPhone = "UIInterfaceOrientationPortrait UIInterfaceOrientationLandscapeLeft UIInterfaceOrientationLandscapeRight";
				IPHONEOS_DEPLOYMENT_TARGET = 13.0;
				LD_RUNPATH_SEARCH_PATHS = (
					"$(inherited)",
					"@executable_path/Frameworks",
				);
				MARKETING_VERSION = 1.0;
				PRODUCT_BUNDLE_IDENTIFIER = "GitEmoji-LTDA.GitEmoji";
				PRODUCT_NAME = "$(TARGET_NAME)";
				SWIFT_EMIT_LOC_STRINGS = YES;
				SWIFT_VERSION = 5.0;
				TARGETED_DEVICE_FAMILY = "1,2";
			};
			name = Debug;
		};
		4090D8E62937EE0C00817D34 /* Release */ = {
			isa = XCBuildConfiguration;
			baseConfigurationReference = AF1D9E336F33849448E43B57 /* Pods-GitEmoji.release.xcconfig */;
			buildSettings = {
				ASSETCATALOG_COMPILER_APPICON_NAME = AppIcon;
				ASSETCATALOG_COMPILER_GLOBAL_ACCENT_COLOR_NAME = AccentColor;
				CODE_SIGN_STYLE = Automatic;
				CURRENT_PROJECT_VERSION = 1;
				DEVELOPMENT_TEAM = CBJLEDS7Z4;
				GENERATE_INFOPLIST_FILE = YES;
				INFOPLIST_FILE = GitEmoji/Info.plist;
				INFOPLIST_KEY_UIApplicationSupportsIndirectInputEvents = YES;
				INFOPLIST_KEY_UILaunchStoryboardName = LaunchScreen;
				INFOPLIST_KEY_UIMainStoryboardFile = Main;
				INFOPLIST_KEY_UISupportedInterfaceOrientations_iPad = "UIInterfaceOrientationPortrait UIInterfaceOrientationPortraitUpsideDown UIInterfaceOrientationLandscapeLeft UIInterfaceOrientationLandscapeRight";
				INFOPLIST_KEY_UISupportedInterfaceOrientations_iPhone = "UIInterfaceOrientationPortrait UIInterfaceOrientationLandscapeLeft UIInterfaceOrientationLandscapeRight";
				IPHONEOS_DEPLOYMENT_TARGET = 13.0;
				LD_RUNPATH_SEARCH_PATHS = (
					"$(inherited)",
					"@executable_path/Frameworks",
				);
				MARKETING_VERSION = 1.0;
				PRODUCT_BUNDLE_IDENTIFIER = "GitEmoji-LTDA.GitEmoji";
				PRODUCT_NAME = "$(TARGET_NAME)";
				SWIFT_EMIT_LOC_STRINGS = YES;
				SWIFT_VERSION = 5.0;
				TARGETED_DEVICE_FAMILY = "1,2";
			};
			name = Release;
		};
/* End XCBuildConfiguration section */

/* Begin XCConfigurationList section */
		4090D8CB2937EE0800817D34 /* Build configuration list for PBXProject "GitEmoji" */ = {
			isa = XCConfigurationList;
			buildConfigurations = (
				4090D8E22937EE0C00817D34 /* Debug */,
				4090D8E32937EE0C00817D34 /* Release */,
			);
			defaultConfigurationIsVisible = 0;
			defaultConfigurationName = Release;
		};
		4090D8E42937EE0C00817D34 /* Build configuration list for PBXNativeTarget "GitEmoji" */ = {
			isa = XCConfigurationList;
			buildConfigurations = (
				4090D8E52937EE0C00817D34 /* Debug */,
				4090D8E62937EE0C00817D34 /* Release */,
			);
			defaultConfigurationIsVisible = 0;
			defaultConfigurationName = Release;
		};
/* End XCConfigurationList section */
	};
	rootObject = 4090D8C82937EE0800817D34 /* Project object */;
}
